{
  "name": "javascript",
  "version": "1.0.0",
  "lockfileVersion": 2,
  "requires": true,
  "packages": {
    "": {
      "version": "1.0.0",
      "license": "ISC",
      "dependencies": {
        "aylien-news-api": "file:../../sdks/news-api/javascript"
      }
    },
    "../../../sdks/news-api/javascript": {
      "extraneous": true,
      "dependencies": {
        "@babel/cli": "^7.0.0",
        "superagent": "3.7.0"
      }
    },
    "../../sdks/news-api/javascript": {
      "name": "aylien-news-api",
      "version": "4.6.0",
      "license": "Apache License, Version 2.0",
      "dependencies": {
        "@babel/cli": "^7.0.0",
        "superagent": "3.7.0"
      },
      "devDependencies": {
        "@babel/core": "^7.0.0",
        "@babel/plugin-proposal-class-properties": "^7.0.0",
        "@babel/plugin-proposal-decorators": "^7.0.0",
        "@babel/plugin-proposal-do-expressions": "^7.0.0",
        "@babel/plugin-proposal-export-default-from": "^7.0.0",
        "@babel/plugin-proposal-export-namespace-from": "^7.0.0",
        "@babel/plugin-proposal-function-bind": "^7.0.0",
        "@babel/plugin-proposal-function-sent": "^7.0.0",
        "@babel/plugin-proposal-json-strings": "^7.0.0",
        "@babel/plugin-proposal-logical-assignment-operators": "^7.0.0",
        "@babel/plugin-proposal-nullish-coalescing-operator": "^7.0.0",
        "@babel/plugin-proposal-numeric-separator": "^7.0.0",
        "@babel/plugin-proposal-optional-chaining": "^7.0.0",
        "@babel/plugin-proposal-pipeline-operator": "^7.0.0",
        "@babel/plugin-proposal-throw-expressions": "^7.0.0",
        "@babel/plugin-syntax-dynamic-import": "^7.0.0",
        "@babel/plugin-syntax-import-meta": "^7.0.0",
        "@babel/preset-env": "^7.0.0",
        "@babel/register": "^7.0.0",
        "expect.js": "^0.3.1",
        "mocha": "^5.2.0",
        "sinon": "^7.2.0"
      }
    },
    "../../sdks/news-api/javascript/dist": {
      "extraneous": true
    },
    "node_modules/aylien-news-api": {
      "resolved": "../../sdks/news-api/javascript",
      "link": true
    }
  },
  "dependencies": {
    "aylien-news-api": {
      "version": "file:../../sdks/news-api/javascript",
      "requires": {
        "@babel/cli": "^7.0.0",
        "@babel/core": "^7.0.0",
        "@babel/plugin-proposal-class-properties": "^7.0.0",
        "@babel/plugin-proposal-decorators": "^7.0.0",
        "@babel/plugin-proposal-do-expressions": "^7.0.0",
        "@babel/plugin-proposal-export-default-from": "^7.0.0",
        "@babel/plugin-proposal-export-namespace-from": "^7.0.0",
        "@babel/plugin-proposal-function-bind": "^7.0.0",
        "@babel/plugin-proposal-function-sent": "^7.0.0",
        "@babel/plugin-proposal-json-strings": "^7.0.0",
        "@babel/plugin-proposal-logical-assignment-operators": "^7.0.0",
        "@babel/plugin-proposal-nullish-coalescing-operator": "^7.0.0",
        "@babel/plugin-proposal-numeric-separator": "^7.0.0",
        "@babel/plugin-proposal-optional-chaining": "^7.0.0",
        "@babel/plugin-proposal-pipeline-operator": "^7.0.0",
        "@babel/plugin-proposal-throw-expressions": "^7.0.0",
        "@babel/plugin-syntax-dynamic-import": "^7.0.0",
        "@babel/plugin-syntax-import-meta": "^7.0.0",
        "@babel/preset-env": "^7.0.0",
        "@babel/register": "^7.0.0",
        "expect.js": "^0.3.1",
        "mocha": "^5.2.0",
        "sinon": "^7.2.0",
        "superagent": "3.7.0"
      }
    }
  }
}
